
Microsoft Visual Studio Solution File, Format Version 12.00
# Visual Studio 15
VisualStudioVersion = 15.0.27004.2005
MinimumVisualStudioVersion = 10.0.40219.1
Project("{888888A0-9F3D-457C-B088-3A5042F75D52}") = "Dynamic", "Dynamic\Dynamic.pyproj", "{C76FC9B9-20F9-4FBB-842D-C39C97EA2891}"
EndProject
Global
	GlobalSection(SolutionConfigurationPlatforms) = preSolution
		Debug|Any CPU = Debug|Any CPU
		Release|Any CPU = Release|Any CPU
	EndGlobalSection
	GlobalSection(ProjectConfigurationPlatforms) = postSolution
		{C76FC9B9-20F9-4FBB-842D-C39C97EA2891}.Debug|Any CPU.ActiveCfg = Debug|Any CPU
		{C76FC9B9-20F9-4FBB-842D-C39C97EA2891}.Release|Any CPU.ActiveCfg = Release|Any CPU
	EndGlobalSection
	GlobalSection(SolutionProperties) = preSolution
		HideSolutionNode = FALSE
	EndGlobalSection
	GlobalSection(ExtensibilityGlobals) = postSolution
		SolutionGuid = {415804F3-ADAE-4B4A-B2A0-9FB9FAF29ED6}
	EndGlobalSection
EndGlobal
